{
  "name": "github",
  "version": "1.0.0",
  "lockfileVersion": 1,
  "requires": true,
  "dependencies": {
    "@types/google-apps-script": {
      "version": "1.0.10",
      "resolved": "https://registry.npmjs.org/@types/google-apps-script/-/google-apps-script-1.0.10.tgz",
      "integrity": "sha512-j1R8imUMPZP/6O/lZnLwUrpAo991q7QhoauF1qtZSg5wwFnr3s950PTLwMYMNxibLjmomhcYUbeVixn1jJHswg=="
    },
    "@types/google-apps-script-oauth2": {
      "version": "24.0.2",
      "resolved": "https://registry.npmjs.org/@types/google-apps-script-oauth2/-/google-apps-script-oauth2-24.0.2.tgz",
      "integrity": "sha512-3N2y/9+l2zlTFobDppKYFUuFH868Xdc/2otcT2NQbi2KYaW4X1jSkhWaWwOMMJoCTOmZePa5jtBDrMAV+E/VjA==",
      "dev": true,
      "requires": {
        "@types/google-apps-script": "*"
      }
    },
    "@wnagasawa/apps-script-rest-client": {
      "version": "0.0.2",
      "resolved": "https://registry.npmjs.org/@wnagasawa/apps-script-rest-client/-/apps-script-rest-client-0.0.2.tgz",
      "integrity": "sha512-+NJDAUya5rdeviH1xF0SK+xSyeeD0Ukqwu1/6L/1Lpa4qTUFuDRHMlr+9NatHY4XZ/jTbB2YZeYxbsFXlMJTyg==",
      "requires": {
        "@types/google-apps-script": "*"
      }
    }
  }
}
